
Microsoft Visual Studio Solution File, Format Version 12.00
# Visual Studio Version 17
VisualStudioVersion = 17.5.002.0
MinimumVisualStudioVersion = 10.0.40219.1
Project("{9A19103F-16F7-4668-BE54-9A1E7A4F7556}") = "Jokenpo", "Jokenpo.csproj", "{151FC979-8D8E-4D63-B994-12951749DC0C}"
EndProject
Global
	GlobalSection(SolutionConfigurationPlatforms) = preSolution
		Debug|Any CPU = Debug|Any CPU
		Release|Any CPU = Release|Any CPU
	EndGlobalSection
	GlobalSection(ProjectConfigurationPlatforms) = postSolution
		{151FC979-8D8E-4D63-B994-12951749DC0C}.Debug|Any CPU.ActiveCfg = Debug|Any CPU
		{151FC979-8D8E-4D63-B994-12951749DC0C}.Debug|Any CPU.Build.0 = Debug|Any CPU
		{151FC979-8D8E-4D63-B994-12951749DC0C}.Release|Any CPU.ActiveCfg = Release|Any CPU
		{151FC979-8D8E-4D63-B994-12951749DC0C}.Release|Any CPU.Build.0 = Release|Any CPU
	EndGlobalSection
	GlobalSection(SolutionProperties) = preSolution
		HideSolutionNode = FALSE
	EndGlobalSection
	GlobalSection(ExtensibilityGlobals) = postSolution
		SolutionGuid = {C9A06F84-7E75-4D2B-B533-898BDE5CEA99}
	EndGlobalSection
EndGlobal
